
Microsoft Visual Studio Solution File, Format Version 12.00
# Visual Studio Version 16
VisualStudioVersion = 16.0.29306.81
MinimumVisualStudioVersion = 10.0.40219.1
Project("{9A19103F-16F7-4668-BE54-9A1E7A4F7556}") = "ChensGradiusMod", "ChensGradiusMod.csproj", "{451B60F8-C9CD-455F-8A59-69735D8DC1D5}"
EndProject
Global
	GlobalSection(SolutionConfigurationPlatforms) = preSolution
		Debug|Any CPU = Debug|Any CPU
		Release|Any CPU = Release|Any CPU
	EndGlobalSection
	GlobalSection(ProjectConfigurationPlatforms) = postSolution
		{451B60F8-C9CD-455F-8A59-69735D8DC1D5}.Debug|Any CPU.ActiveCfg = Debug|Any CPU
		{451B60F8-C9CD-455F-8A59-69735D8DC1D5}.Debug|Any CPU.Build.0 = Debug|Any CPU
		{451B60F8-C9CD-455F-8A59-69735D8DC1D5}.Release|Any CPU.ActiveCfg = Release|Any CPU
		{451B60F8-C9CD-455F-8A59-69735D8DC1D5}.Release|Any CPU.Build.0 = Release|Any CPU
	EndGlobalSection
	GlobalSection(SolutionProperties) = preSolution
		HideSolutionNode = FALSE
	EndGlobalSection
	GlobalSection(ExtensibilityGlobals) = postSolution
		SolutionGuid = {0786FA2E-9BAB-4AFD-A815-40C9DC4F1254}
	EndGlobalSection
EndGlobal
